// !$*UTF8*$!
{
	archiveVersion = 1;
	classes = {
	};
	objectVersion = 46;
	objects = {

/* Begin PBXBuildFile section */
		512DF2381DF4171E009A5B6E /* AppDelegate.swift in Sources */ = {isa = PBXBuildFile; fileRef = 512DF2371DF4171E009A5B6E /* AppDelegate.swift */; };
		512DF23A1DF4171E009A5B6E /* ViewController.swift in Sources */ = {isa = PBXBuildFile; fileRef = 512DF2391DF4171E009A5B6E /* ViewController.swift */; };
		512DF23D1DF4171E009A5B6E /* Main.storyboard in Resources */ = {isa = PBXBuildFile; fileRef = 512DF23B1DF4171E009A5B6E /* Main.storyboard */; };
		512DF23F1DF4171E009A5B6E /* Assets.xcassets in Resources */ = {isa = PBXBuildFile; fileRef = 512DF23E1DF4171E009A5B6E /* Assets.xcassets */; };
		512DF2421DF4171E009A5B6E /* LaunchScreen.storyboard in Resources */ = {isa = PBXBuildFile; fileRef = 512DF2401DF4171E009A5B6E /* LaunchScreen.storyboard */; };
/* End PBXBuildFile section */

/* Begin PBXFileReference section */
		512DF2341DF4171E009A5B6E /* LSNetwork_Swift.app */ = {isa = PBXFileReference; explicitFileType = wrapper.application; includeInIndex = 0; path = LSNetwork_Swift.app; sourceTree = BUILT_PRODUCTS_DIR; };
		512DF2371DF4171E009A5B6E /* AppDelegate.swift */ = {isa = PBXFileReference; lastKnownFileType = sourcecode.swift; path = AppDelegate.swift; sourceTree = "<group>"; };
		512DF2391DF4171E009A5B6E /* ViewController.swift */ = {isa = PBXFileReference; lastKnownFileType = sourcecode.swift; path = ViewController.swift; sourceTree = "<group>"; };
		512DF23C1DF4171E009A5B6E /* Base */ = {isa = PBXFileReference; lastKnownFileType = file.storyboard; name = Base; path = Base.lproj/Main.storyboard; sourceTree = "<group>"; };
		512DF23E1DF4171E009A5B6E /* Assets.xcassets */ = {isa = PBXFileReference; lastKnownFileType = folder.assetcatalog; path = Assets.xcassets; sourceTree = "<group>"; };
		512DF2411DF4171E009A5B6E /* Base */ = {isa = PBXFileReference; lastKnownFileType = file.storyboard; name = Base; path = Base.lproj/LaunchScreen.storyboard; sourceTree = "<group>"; };
		512DF2431DF4171E009A5B6E /* Info.plist */ = {isa = PBXFileReference; lastKnownFileType = text.plist.xml; path = Info.plist; sourceTree = "<group>"; };
/* End PBXFileReference section */

/* Begin PBXFrameworksBuildPhase section */
		512DF2311DF4171E009A5B6E /* Frameworks */ = {
			isa = PBXFrameworksBuildPhase;
			buildActionMask = 2147483647;
			files = (
			);
			runOnlyForDeploymentPostprocessing = 0;
		};
/* End PBXFrameworksBuildPhase section */

/* Begin PBXGroup section */
		512DF22B1DF4171E009A5B6E = {
			isa = PBXGroup;
			children = (
				512DF2361DF4171E009A5B6E /* LSNetwork_Swift */,
				512DF2351DF4171E009A5B6E /* Products */,
			);
			sourceTree = "<group>";
		};
		512DF2351DF4171E009A5B6E /* Products */ = {
			isa = PBXGroup;
			children = (
				512DF2341DF4171E009A5B6E /* LSNetwork_Swift.app */,
			);
			name = Products;
			sourceTree = "<group>";
		};
		512DF2361DF4171E009A5B6E /* LSNetwork_Swift */ = {
			isa = PBXGroup;
			children = (
				512DF2491DF4174E009A5B6E /* LSNetwork_Swift */,
				512DF2371DF4171E009A5B6E /* AppDelegate.swift */,
				512DF2391DF4171E009A5B6E /* ViewController.swift */,
				512DF23B1DF4171E009A5B6E /* Main.storyboard */,
				512DF23E1DF4171E009A5B6E /* Assets.xcassets */,
				512DF2401DF4171E009A5B6E /* LaunchScreen.storyboard */,
				512DF2431DF4171E009A5B6E /* Info.plist */,
			);
			path = LSNetwork_Swift;
			sourceTree = "<group>";
		};
		512DF2491DF4174E009A5B6E /* LSNetwork_Swift */ = {
			isa = PBXGroup;
			children = (
			);
			path = LSNetwork_Swift;
			sourceTree = "<group>";
		};
/* End PBXGroup section */

/* Begin PBXNativeTarget section */
		512DF2331DF4171E009A5B6E /* LSNetwork_Swift */ = {
			isa = PBXNativeTarget;
			buildConfigurationList = 512DF2461DF4171E009A5B6E /* Build configuration list for PBXNativeTarget "LSNetwork_Swift" */;
			buildPhases = (
				512DF2301DF4171E009A5B6E /* Sources */,
				512DF2311DF4171E009A5B6E /* Frameworks */,
				512DF2321DF4171E009A5B6E /* Resources */,
			);
			buildRules = (
			);
			dependencies = (
			);
			name = LSNetwork_Swift;
			productName = LSNetwork_Swift;
			productReference = 512DF2341DF4171E009A5B6E /* LSNetwork_Swift.app */;
			productType = "com.apple.product-type.application";
		};
/* End PBXNativeTarget section */

/* Begin PBXProject section */
		512DF22C1DF4171E009A5B6E /* Project object */ = {
			isa = PBXProject;
			attributes = {
				CLASSPREFIX = LS;
				LastSwiftUpdateCheck = 0810;
				LastUpgradeCheck = 0810;
				ORGANIZATIONNAME = lsrain;
				TargetAttributes = {
					512DF2331DF4171E009A5B6E = {
						CreatedOnToolsVersion = 8.1;
						ProvisioningStyle = Automatic;
					};
				};
			};
			buildConfigurationList = 512DF22F1DF4171E009A5B6E /* Build configuration list for PBXProject "LSNetwork_Swift" */;
			compatibilityVersion = "Xcode 3.2";
			developmentRegion = English;
			hasScannedForEncodings = 0;
			knownRegions = (
				en,
				Base,
			);
			mainGroup = 512DF22B1DF4171E009A5B6E;
			productRefGroup = 512DF2351DF4171E009A5B6E /* Products */;
			projectDirPath = "";
			projectRoot = "";
			targets = (
				512DF2331DF4171E009A5B6E /* LSNetwork_Swift */,
			);
		};
/* End PBXProject section */

/* Begin PBXResourcesBuildPhase section */
		512DF2321DF4171E009A5B6E /* Resources */ = {
			isa = PBXResourcesBuildPhase;
			buildActionMask = 2147483647;
			files = (
				512DF2421DF4171E009A5B6E /* LaunchScreen.storyboard in Resources */,
				512DF23F1DF4171E009A5B6E /* Assets.xcassets in Resources */,
				512DF23D1DF4171E009A5B6E /* Main.storyboard in Resources */,
			);
			runOnlyForDeploymentPostprocessing = 0;
		};
/* End PBXResourcesBuildPhase section */

/* Begin PBXSourcesBuildPhase section */
		512DF2301DF4171E009A5B6E /* Sources */ = {
			isa = PBXSourcesBuildPhase;
			buildActionMask = 2147483647;
			files = (
				512DF23A1DF4171E009A5B6E /* ViewController.swift in Sources */,
				512DF2381DF4171E009A5B6E /* AppDelegate.swift in Sources */,
			);
			runOnlyForDeploymentPostprocessing = 0;
		};
/* End PBXSourcesBuildPhase section */

/* Begin PBXVariantGroup section */
		512DF23B1DF4171E009A5B6E /* Main.storyboard */ = {
			isa = PBXVariantGroup;
			children = (
				512DF23C1DF4171E009A5B6E /* Base */,
			);
			name = Main.storyboard;
			sourceTree = "<group>";
		};
		512DF2401DF4171E009A5B6E /* LaunchScreen.storyboard */ = {
			isa = PBXVariantGroup;
			children = (
				512DF2411DF4171E009A5B6E /* Base */,
			);
			name = LaunchScreen.storyboard;
			sourceTree = "<group>";
		};
/* End PBXVariantGroup section */

/* Begin XCBuildConfiguration section */
		512DF2441DF4171E009A5B6E /* Debug */ = {
			isa = XCBuildConfiguration;
			buildSettings = {
				ALWAYS_SEARCH_USER_PATHS = NO;
				CLANG_ANALYZER_NONNULL = YES;
				CLANG_CXX_LANGUAGE_STANDARD = "gnu++0x";
				CLANG_CXX_LIBRARY = "libc++";
				CLANG_ENABLE_MODULES = YES;
				CLANG_ENABLE_OBJC_ARC = YES;
				CLANG_WARN_BOOL_CONVERSION = YES;
				CLANG_WARN_CONSTANT_CONVERSION = YES;
				CLANG_WARN_DIRECT_OBJC_ISA_USAGE = YES_ERROR;
				CLANG_WARN_DOCUMENTATION_COMMENTS = YES;
				CLANG_WARN_EMPTY_BODY = YES;
				CLANG_WARN_ENUM_CONVERSION = YES;
				CLANG_WARN_INFINITE_RECURSION = YES;
				CLANG_WARN_INT_CONVERSION = YES;
				CLANG_WARN_OBJC_ROOT_CLASS = YES_ERROR;
				CLANG_WARN_SUSPICIOUS_MOVES = YES;
				CLANG_WARN_UNREACHABLE_CODE = YES;
				CLANG_WARN__DUPLICATE_METHOD_MATCH = YES;
				"CODE_SIGN_IDENTITY[sdk=iphoneos*]" = "iPhone Developer";
				COPY_PHASE_STRIP = NO;
				DEBUG_INFORMATION_FORMAT = dwarf;
				ENABLE_STRICT_OBJC_MSGSEND = YES;
				ENABLE_TESTABILITY = YES;
				GCC_C_LANGUAGE_STANDARD = gnu99;
				GCC_DYNAMIC_NO_PIC = NO;
				GCC_NO_COMMON_BLOCKS = YES;
				GCC_OPTIMIZATION_LEVEL = 0;
				GCC_PREPROCESSOR_DEFINITIONS = (
					"DEBUG=1",
					"$(inherited)",
				);
				GCC_WARN_64_TO_32_BIT_CONVERSION = YES;
				GCC_WARN_ABOUT_RETURN_TYPE = YES_ERROR;
				GCC_WARN_UNDECLARED_SELECTOR = YES;
				GCC_WARN_UNINITIALIZED_AUTOS = YES_AGGRESSIVE;
				GCC_WARN_UNUSED_FUNCTION = YES;
				GCC_WARN_UNUSED_VARIABLE = YES;
				IPHONEOS_DEPLOYMENT_TARGET = 10.1;
				MTL_ENABLE_DEBUG_INFO = YES;
				ONLY_ACTIVE_ARCH = YES;
				SDKROOT = iphoneos;
				SWIFT_ACTIVE_COMPILATION_CONDITIONS = DEBUG;
				SWIFT_OPTIMIZATION_LEVEL = "-Onone";
				TARGETED_DEVICE_FAMILY = "1,2";
			};
			name = Debug;
		};
		512DF2451DF4171E009A5B6E /* Release */ = {
			isa = XCBuildConfiguration;
			buildSettings = {
				ALWAYS_SEARCH_USER_PATHS = NO;
				CLANG_ANALYZER_NONNULL = YES;
				CLANG_CXX_LANGUAGE_STANDARD = "gnu++0x";
				CLANG_CXX_LIBRARY = "libc++";
				CLANG_ENABLE_MODULES = YES;
				CLANG_ENABLE_OBJC_ARC = YES;
				CLANG_WARN_BOOL_CONVERSION = YES;
				CLANG_WARN_CONSTANT_CONVERSION = YES;
				CLANG_WARN_DIRECT_OBJC_ISA_USAGE = YES_ERROR;
				CLANG_WARN_DOCUMENTATION_COMMENTS = YES;
				CLANG_WARN_EMPTY_BODY = YES;
				CLANG_WARN_ENUM_CONVERSION = YES;
				CLANG_WARN_INFINITE_RECURSION = YES;
				CLANG_WARN_INT_CONVERSION = YES;
				CLANG_WARN_OBJC_ROOT_CLASS = YES_ERROR;
				CLANG_WARN_SUSPICIOUS_MOVES = YES;
				CLANG_WARN_UNREACHABLE_CODE = YES;
				CLANG_WARN__DUPLICATE_METHOD_MATCH = YES;
				"CODE_SIGN_IDENTITY[sdk=iphoneos*]" = "iPhone Developer";
				COPY_PHASE_STRIP = NO;
				DEBUG_INFORMATION_FORMAT = "dwarf-with-dsym";
				ENABLE_NS_ASSERTIONS = NO;
				ENABLE_STRICT_OBJC_MSGSEND = YES;
				GCC_C_LANGUAGE_STANDARD = gnu99;
				GCC_NO_COMMON_BLOCKS = YES;
				GCC_WARN_64_TO_32_BIT_CONVERSION = YES;
				GCC_WARN_ABOUT_RETURN_TYPE = YES_ERROR;
				GCC_WARN_UNDECLARED_SELECTOR = YES;
				GCC_WARN_UNINITIALIZED_AUTOS = YES_AGGRESSIVE;
				GCC_WARN_UNUSED_FUNCTION = YES;
				GCC_WARN_UNUSED_VARIABLE = YES;
				IPHONEOS_DEPLOYMENT_TARGET = 10.1;
				MTL_ENABLE_DEBUG_INFO = NO;
				SDKROOT = iphoneos;
				SWIFT_OPTIMIZATION_LEVEL = "-Owholemodule";
				TARGETED_DEVICE_FAMILY = "1,2";
				VALIDATE_PRODUCT = YES;
			};
			name = Release;
		};
		512DF2471DF4171E009A5B6E /* Debug */ = {
			isa = XCBuildConfiguration;
			buildSettings = {
				ASSETCATALOG_COMPILER_APPICON_NAME = AppIcon;
				INFOPLIST_FILE = LSNetwork_Swift/Info.plist;
				IPHONEOS_DEPLOYMENT_TARGET = 9.0;
				LD_RUNPATH_SEARCH_PATHS = "$(inherited) @executable_path/Frameworks";
				PRODUCT_BUNDLE_IDENTIFIER = "com.lsrain.LSNetwork-Swift";
				PRODUCT_NAME = "$(TARGET_NAME)";
				SWIFT_VERSION = 3.0;
				TARGETED_DEVICE_FAMILY = 1;
			};
			name = Debug;
		};
		512DF2481DF4171E009A5B6E /* Release */ = {
			isa = XCBuildConfiguration;
			buildSettings = {
				ASSETCATALOG_COMPILER_APPICON_NAME = AppIcon;
				INFOPLIST_FILE = LSNetwork_Swift/Info.plist;
				IPHONEOS_DEPLOYMENT_TARGET = 9.0;
				LD_RUNPATH_SEARCH_PATHS = "$(inherited) @executable_path/Frameworks";
				PRODUCT_BUNDLE_IDENTIFIER = "com.lsrain.LSNetwork-Swift";
				PRODUCT_NAME = "$(TARGET_NAME)";
				SWIFT_VERSION = 3.0;
				TARGETED_DEVICE_FAMILY = 1;
			};
			name = Release;
		};
/* End XCBuildConfiguration section */

/* Begin XCConfigurationList section */
		512DF22F1DF4171E009A5B6E /* Build configuration list for PBXProject "LSNetwork_Swift" */ = {
			isa = XCConfigurationList;
			buildConfigurations = (
				512DF2441DF4171E009A5B6E /* Debug */,
				512DF2451DF4171E009A5B6E /* Release */,
			);
			defaultConfigurationIsVisible = 0;
			defaultConfigurationName = Release;
		};
		512DF2461DF4171E009A5B6E /* Build configuration list for PBXNativeTarget "LSNetwork_Swift" */ = {
			isa = XCConfigurationList;
			buildConfigurations = (
				512DF2471DF4171E009A5B6E /* Debug */,
				512DF2481DF4171E009A5B6E /* Release */,
			);
			defaultConfigurationIsVisible = 0;
		};
/* End XCConfigurationList section */
	};
	rootObject = 512DF22C1DF4171E009A5B6E /* Project object */;
}
